
Microsoft Visual Studio Solution File, Format Version 12.00
# Visual Studio Version 16
VisualStudioVersion = 16.0.31605.320
MinimumVisualStudioVersion = 10.0.40219.1
Project("{FAE04EC0-301F-11D3-BF4B-00C04F79EFBC}") = "AzureFunctionExample.common", "AzureFunctionExample.common\AzureFunctionExample.common.csproj", "{EE11BF28-354B-4C7E-90AB-67ABB02DEF2E}"
EndProject
Project("{FAE04EC0-301F-11D3-BF4B-00C04F79EFBC}") = "AzureFunctionExample.Functions", "AzureFunctionExample.Functions\AzureFunctionExample.Functions.csproj", "{674ACA5F-41D2-4DE7-ACD1-8B4E60C256F7}"
EndProject
Project("{FAE04EC0-301F-11D3-BF4B-00C04F79EFBC}") = "AzureFunctionExample.test", "AzureFunctionExample.test\AzureFunctionExample.test.csproj", "{D4804A88-5B78-4329-9CCC-0BD7DD590709}"
EndProject
Global
	GlobalSection(SolutionConfigurationPlatforms) = preSolution
		Debug|Any CPU = Debug|Any CPU
		Release|Any CPU = Release|Any CPU
	EndGlobalSection
	GlobalSection(ProjectConfigurationPlatforms) = postSolution
		{EE11BF28-354B-4C7E-90AB-67ABB02DEF2E}.Debug|Any CPU.ActiveCfg = Debug|Any CPU
		{EE11BF28-354B-4C7E-90AB-67ABB02DEF2E}.Debug|Any CPU.Build.0 = Debug|Any CPU
		{EE11BF28-354B-4C7E-90AB-67ABB02DEF2E}.Release|Any CPU.ActiveCfg = Release|Any CPU
		{EE11BF28-354B-4C7E-90AB-67ABB02DEF2E}.Release|Any CPU.Build.0 = Release|Any CPU
		{674ACA5F-41D2-4DE7-ACD1-8B4E60C256F7}.Debug|Any CPU.ActiveCfg = Debug|Any CPU
		{674ACA5F-41D2-4DE7-ACD1-8B4E60C256F7}.Debug|Any CPU.Build.0 = Debug|Any CPU
		{674ACA5F-41D2-4DE7-ACD1-8B4E60C256F7}.Release|Any CPU.ActiveCfg = Release|Any CPU
		{674ACA5F-41D2-4DE7-ACD1-8B4E60C256F7}.Release|Any CPU.Build.0 = Release|Any CPU
		{D4804A88-5B78-4329-9CCC-0BD7DD590709}.Debug|Any CPU.ActiveCfg = Debug|Any CPU
		{D4804A88-5B78-4329-9CCC-0BD7DD590709}.Debug|Any CPU.Build.0 = Debug|Any CPU
		{D4804A88-5B78-4329-9CCC-0BD7DD590709}.Release|Any CPU.ActiveCfg = Release|Any CPU
		{D4804A88-5B78-4329-9CCC-0BD7DD590709}.Release|Any CPU.Build.0 = Release|Any CPU
	EndGlobalSection
	GlobalSection(SolutionProperties) = preSolution
		HideSolutionNode = FALSE
	EndGlobalSection
	GlobalSection(ExtensibilityGlobals) = postSolution
		SolutionGuid = {C4B9D0DD-BC73-46D9-A9F9-5288FF2839D7}
	EndGlobalSection
EndGlobal
